
Microsoft Visual Studio Solution File, Format Version 12.00
# Visual Studio Version 17
VisualStudioVersion = 17.7.34031.279
MinimumVisualStudioVersion = 10.0.40219.1
Project("{FAE04EC0-301F-11D3-BF4B-00C04F79EFBC}") = "MyWebApp", "MyWebApp\MyWebApp.csproj", "{9FFD3D26-E8CF-4AFF-B0F5-3AA9F3471775}"
EndProject
Global
	GlobalSection(SolutionConfigurationPlatforms) = preSolution
		Debug|Any CPU = Debug|Any CPU
		Release|Any CPU = Release|Any CPU
	EndGlobalSection
	GlobalSection(ProjectConfigurationPlatforms) = postSolution
		{9FFD3D26-E8CF-4AFF-B0F5-3AA9F3471775}.Debug|Any CPU.ActiveCfg = Debug|Any CPU
		{9FFD3D26-E8CF-4AFF-B0F5-3AA9F3471775}.Debug|Any CPU.Build.0 = Debug|Any CPU
		{9FFD3D26-E8CF-4AFF-B0F5-3AA9F3471775}.Release|Any CPU.ActiveCfg = Release|Any CPU
		{9FFD3D26-E8CF-4AFF-B0F5-3AA9F3471775}.Release|Any CPU.Build.0 = Release|Any CPU
	EndGlobalSection
	GlobalSection(SolutionProperties) = preSolution
		HideSolutionNode = FALSE
	EndGlobalSection
	GlobalSection(ExtensibilityGlobals) = postSolution
		SolutionGuid = {B42626A6-B2CD-44B1-BE5F-53723260882B}
	EndGlobalSection
EndGlobal
